
Microsoft Visual Studio Solution File, Format Version 12.00
# Visual Studio Version 17
VisualStudioVersion = 17.0.31903.59
MinimumVisualStudioVersion = 10.0.40219.1
Project("{FAE04EC0-301F-11D3-BF4B-00C04F79EFBC}") = "ShapesLib", "ShapesLib\ShapesLib.csproj", "{842C08E9-0E77-4BD5-90A7-45E7B62A53E0}"
EndProject
Project("{FAE04EC0-301F-11D3-BF4B-00C04F79EFBC}") = "ShapesTests", "ShapesTests\ShapesTests.csproj", "{02BEFA71-1500-4FD5-8B1B-346851133C8E}"
EndProject
Global
	GlobalSection(SolutionConfigurationPlatforms) = preSolution
		Debug|Any CPU = Debug|Any CPU
		Release|Any CPU = Release|Any CPU
	EndGlobalSection
	GlobalSection(SolutionProperties) = preSolution
		HideSolutionNode = FALSE
	EndGlobalSection
	GlobalSection(ProjectConfigurationPlatforms) = postSolution
		{842C08E9-0E77-4BD5-90A7-45E7B62A53E0}.Debug|Any CPU.ActiveCfg = Debug|Any CPU
		{842C08E9-0E77-4BD5-90A7-45E7B62A53E0}.Debug|Any CPU.Build.0 = Debug|Any CPU
		{842C08E9-0E77-4BD5-90A7-45E7B62A53E0}.Release|Any CPU.ActiveCfg = Release|Any CPU
		{842C08E9-0E77-4BD5-90A7-45E7B62A53E0}.Release|Any CPU.Build.0 = Release|Any CPU
		{02BEFA71-1500-4FD5-8B1B-346851133C8E}.Debug|Any CPU.ActiveCfg = Debug|Any CPU
		{02BEFA71-1500-4FD5-8B1B-346851133C8E}.Debug|Any CPU.Build.0 = Debug|Any CPU
		{02BEFA71-1500-4FD5-8B1B-346851133C8E}.Release|Any CPU.ActiveCfg = Release|Any CPU
		{02BEFA71-1500-4FD5-8B1B-346851133C8E}.Release|Any CPU.Build.0 = Release|Any CPU
	EndGlobalSection
EndGlobal
